
Microsoft Visual Studio Solution File, Format Version 12.00
# Visual Studio Version 16
VisualStudioVersion = 16.0.31702.278
MinimumVisualStudioVersion = 10.0.40219.1
Project("{9A19103F-16F7-4668-BE54-9A1E7A4F7556}") = "WebAPI", "src\WebAPI\WebAPI.csproj", "{6E45F7F0-2ACF-4579-B4DE-7BB6A6132F98}"
EndProject
Project("{9A19103F-16F7-4668-BE54-9A1E7A4F7556}") = "Application", "src\Application\Application.csproj", "{5B728F43-F805-4F91-A540-1D6154652053}"
EndProject
Project("{9A19103F-16F7-4668-BE54-9A1E7A4F7556}") = "Infrastructure", "src\Infrastructure\Infrastructure.csproj", "{E00C94BB-2D4B-47EE-8673-2FA714DB48A6}"
EndProject
Project("{9A19103F-16F7-4668-BE54-9A1E7A4F7556}") = "Domain", "src\Domain\Domain.csproj", "{3420038A-6CA7-498E-AD05-C4D997DE93F4}"
EndProject
Project("{2150E333-8FDC-42A3-9474-1A3956D46DE8}") = "src", "src", "{66087996-EC31-4478-82A7-4EE53D1D3E87}"
EndProject
Project("{2150E333-8FDC-42A3-9474-1A3956D46DE8}") = "test", "test", "{1AED5105-3F9B-4011-BF1A-84750C136835}"
EndProject
Project("{2150E333-8FDC-42A3-9474-1A3956D46DE8}") = "Solution Items", "Solution Items", "{D30A7DE4-770E-419F-8215-74B06661FB0B}"
	ProjectSection(SolutionItems) = preProject
		.editorconfig = .editorconfig
	EndProjectSection
EndProject
Global
	GlobalSection(SolutionConfigurationPlatforms) = preSolution
		Debug|Any CPU = Debug|Any CPU
		Release|Any CPU = Release|Any CPU
	EndGlobalSection
	GlobalSection(ProjectConfigurationPlatforms) = postSolution
		{6E45F7F0-2ACF-4579-B4DE-7BB6A6132F98}.Debug|Any CPU.ActiveCfg = Debug|Any CPU
		{6E45F7F0-2ACF-4579-B4DE-7BB6A6132F98}.Debug|Any CPU.Build.0 = Debug|Any CPU
		{6E45F7F0-2ACF-4579-B4DE-7BB6A6132F98}.Release|Any CPU.ActiveCfg = Release|Any CPU
		{6E45F7F0-2ACF-4579-B4DE-7BB6A6132F98}.Release|Any CPU.Build.0 = Release|Any CPU
		{5B728F43-F805-4F91-A540-1D6154652053}.Debug|Any CPU.ActiveCfg = Debug|Any CPU
		{5B728F43-F805-4F91-A540-1D6154652053}.Debug|Any CPU.Build.0 = Debug|Any CPU
		{5B728F43-F805-4F91-A540-1D6154652053}.Release|Any CPU.ActiveCfg = Release|Any CPU
		{5B728F43-F805-4F91-A540-1D6154652053}.Release|Any CPU.Build.0 = Release|Any CPU
		{E00C94BB-2D4B-47EE-8673-2FA714DB48A6}.Debug|Any CPU.ActiveCfg = Debug|Any CPU
		{E00C94BB-2D4B-47EE-8673-2FA714DB48A6}.Debug|Any CPU.Build.0 = Debug|Any CPU
		{E00C94BB-2D4B-47EE-8673-2FA714DB48A6}.Release|Any CPU.ActiveCfg = Release|Any CPU
		{E00C94BB-2D4B-47EE-8673-2FA714DB48A6}.Release|Any CPU.Build.0 = Release|Any CPU
		{3420038A-6CA7-498E-AD05-C4D997DE93F4}.Debug|Any CPU.ActiveCfg = Debug|Any CPU
		{3420038A-6CA7-498E-AD05-C4D997DE93F4}.Debug|Any CPU.Build.0 = Debug|Any CPU
		{3420038A-6CA7-498E-AD05-C4D997DE93F4}.Release|Any CPU.ActiveCfg = Release|Any CPU
		{3420038A-6CA7-498E-AD05-C4D997DE93F4}.Release|Any CPU.Build.0 = Release|Any CPU
	EndGlobalSection
	GlobalSection(SolutionProperties) = preSolution
		HideSolutionNode = FALSE
	EndGlobalSection
	GlobalSection(NestedProjects) = preSolution
		{6E45F7F0-2ACF-4579-B4DE-7BB6A6132F98} = {66087996-EC31-4478-82A7-4EE53D1D3E87}
		{5B728F43-F805-4F91-A540-1D6154652053} = {66087996-EC31-4478-82A7-4EE53D1D3E87}
		{E00C94BB-2D4B-47EE-8673-2FA714DB48A6} = {66087996-EC31-4478-82A7-4EE53D1D3E87}
		{3420038A-6CA7-498E-AD05-C4D997DE93F4} = {66087996-EC31-4478-82A7-4EE53D1D3E87}
	EndGlobalSection
	GlobalSection(ExtensibilityGlobals) = postSolution
		SolutionGuid = {F579297D-C847-46F7-B2AC-F21254D7B609}
	EndGlobalSection
EndGlobal
